# VJS entrenched-enforcement-surface pin (PC-16 D4). A drift from these digests
# is a loud, blocking finding. Re-lock with `vjs enforcement-lock` ONLY after a
# deliberate, recorded gate change (and self-file the rationale).
crates/vjs-engine/src/assent.rs sha256:aeef91cf1dfa9aca4301b7d9c103aec2b9ae3a9710fbd8615583a4ca991b3193
crates/vjs-core/src/front_door.rs sha256:b2eeb309b63d0ebe50914bbedc58b4bba0a53c3a3ccc661c7bc68f80c6dc1dd9
crates/vjs-core/src/bench.rs sha256:b3f77c73ff950fac0c5a8591aa5f6b9ad5a7209e57fe908c3ba7b202ffd84a87
crates/vjs-core/src/enforcement.rs sha256:55cd7a40d166271923c9e9dc791c66a429bf22a16f334fe125c3f20dbf5580fa
