# VJS entrenched-enforcement-surface pin (PC-16 D4). A drift from these digests is a loud,
# blocking finding. Re-pin with `vjs enforcement-lock --authority '<order or decision-log id>'`
# ONLY after a deliberate, recorded gate change.
#
# EVERY ENTRY CARRIES THE AUTHORITY UNDER WHICH ITS DIGEST MOVED ([2026] VJS-CC-VJS 18 C7,
# applying CC-VJS 12(d) to the second lock). `--authority` is required and empty is refused,
# because a field that defaults to a constant, or accepts empty, checks nothing.
#
# The authority is stamped ONLY on entries whose digest actually moved. An entry that did not
# move keeps the authority it already carried - re-stamping an unchanged digest with an
# unrelated citation would manufacture a false provenance record, which is the defect this
# field exists to prevent.
#
# ON THE FORMAT MIGRATION (2026-08-02). This file was flat `path sha256:...` lines with no
# authority at all until CC-VJS 18 C7. Every entry therefore acquired its authority in that
# one write. That is a true statement about THIS RECORD, not a claim about which ruling
# originally entrenched each file: that history is in the ENFORCEMENT_SURFACE const's own
# comments and is deliberately NOT reconstructed here, because a reconstructed citation is
# indistinguishable from a recorded one once written down.
#
# Generated. Re-pin rather than hand-edit: an entry with an empty or missing authority is
# ENFORCEMENT_LOCK_UNREADABLE, which is Fatal, not silence.
[[entry]]
path = "crates/vjs-engine/src/assent.rs"
digest = "sha256:55bf8d38efcfdc5b99b06b9b04d058524325dc910ef52fc1079027bb2cc38da1"
authority = "[2026] VJS-CC-VJS 20 D9/D13"
pinned_at = "2026-08-07T03:45:31Z"

[[entry]]
path = "crates/vjs-core/src/front_door.rs"
digest = "sha256:f457745c34e7660dc7c47b7d789187f3e6ab3a3fb61eb331c8819081f46e86c9"
authority = "[2026] VJS-CC-VJS 18 C7"
pinned_at = "2026-08-02T12:24:38Z"

[[entry]]
path = "crates/vjs-core/src/bench.rs"
digest = "sha256:b0fd7f16ad6188a440dc371baf248d36ebfc8fc6f11fbd908f74d7acb52a0d3d"
authority = "LOG-2026-08-05-221655"
pinned_at = "2026-08-05T22:16:55Z"

[[entry]]
path = "crates/vjs-core/src/hook.rs"
digest = "sha256:64859f5c10e7e331474743befccec55bf4a69ab989686af6e01c4951c107eebf"
authority = "[2026] VJS-CC-VJS 18 C7"
pinned_at = "2026-08-02T12:24:38Z"

[[entry]]
path = "crates/vjs-core/src/governance/permit_gate.rs"
digest = "sha256:9cea31662a2b39357bdf3ee35210d34ea4b91cdf15747b7514e28cf849262319"
authority = "LOG-2026-08-05-131035"
pinned_at = "2026-08-05T13:10:41Z"

[[entry]]
path = "crates/vjs-redact/src/lib.rs"
digest = "sha256:849d566c68b6f0c29df264ff784269c793b41ac09ed1e9006b650af1b48db7d1"
authority = "LOG-2026-08-05-221655"
pinned_at = "2026-08-05T22:16:55Z"

[[entry]]
path = "crates/vjs-redact/src/tests.rs"
digest = "sha256:586da8a5e053f3b23731b3660a5b4826394949497bf4b343608a7306a1713285"
authority = "LOG-2026-08-06-122540"
pinned_at = "2026-08-06T12:25:40Z"

[[entry]]
path = "crates/vjs-engine/src/staged.rs"
digest = "sha256:78367a06ebaef7eb67d30d366f70ce0bc28f8522363da46458cf75cba1449115"
authority = "[2026] VJS-CC-VJS 20 D13 (order gates at rest)"
pinned_at = "2026-08-07T03:24:57Z"

[[entry]]
path = "crates/vjs-lawpack/src/validator.rs"
digest = "sha256:7f80e03ed34a495bb9ca9899c03e76aeb17314c954061b81b63657e046dd5508"
authority = "LOG-2026-08-05-221655"
pinned_at = "2026-08-05T22:16:55Z"

[[entry]]
path = "crates/vjs-lawpack/src/refs.rs"
digest = "sha256:cc3642a2722d74d14681d6e19de92c16d7e768c95a89289f37e740d904b49005"
authority = "[2026] VJS-PC 5 negation carve-out; the Dangling Citations Omnibus recital"
pinned_at = "2026-08-07T03:50:39Z"

[[entry]]
path = "crates/vjs-core/src/enforcement.rs"
digest = "sha256:7c911c3c3caa998376139b2e70cd634628159f11128a2e1188a61c155d658b57"
authority = "[2026] VJS-CC-VJS 20 D13 (order gates at rest)"
pinned_at = "2026-08-07T03:24:57Z"

[[entry]]
path = "crates/vjs-engine/src/lib.rs"
digest = "sha256:e5884930c4a239c8617f39d739d82e85e81bf905b0173924761b47d6841312b6"
authority = "[2026] VJS-CC-VJS 20 D9/D13"
pinned_at = "2026-08-07T03:43:03Z"

[[entry]]
path = "crates/vjs-engine/src/canon_licence.rs"
digest = "sha256:9f6cddc3db5b51efa1da39947bff35aefc4795533dccf7c7f1ac13782fd8ef71"
authority = "[2026] VJS-PC 22 D4/D5 (the licence term varied; the firewall fails closed)"
pinned_at = "2026-08-07T02:36:46Z"

[[entry]]
path = "crates/vjs-engine/src/record_removal.rs"
digest = "sha256:6ce3807dc4f26dc391c7b9f04f19e2339133ba54d7090c63803dbe343fc29769"
authority = "[2026] VJS-CC-VJS 20 D1/D18"
pinned_at = "2026-08-07T03:06:39Z"

[[entry]]
path = "crates/vjs-engine/src/order_checks.rs"
digest = "sha256:4fcab8f58103a10db91c35cfde8c9a75c14a5c1873620d05c688f15438db943d"
authority = "[2026] VJS-CC-VJS 20 D9/D13"
pinned_at = "2026-08-07T03:43:03Z"
